// !$*UTF8*$!
{
	archiveVersion = 1;
	classes = {
	};
	objectVersion = 50;
	objects = {

/* Begin PBXBuildFile section */
		363B2577208A7C9100049A01 /* TextFieldTableViewCell.swift in Sources */ = {isa = PBXBuildFile; fileRef = 363B2575208A7C9100049A01 /* TextFieldTableViewCell.swift */; };
		363B2578208A7C9100049A01 /* TextFieldTableViewCell.xib in Resources */ = {isa = PBXBuildFile; fileRef = 363B2576208A7C9100049A01 /* TextFieldTableViewCell.xib */; };
		36BD6A9C208A6F4800D6C351 /* AppDelegate.swift in Sources */ = {isa = PBXBuildFile; fileRef = 36BD6A9B208A6F4800D6C351 /* AppDelegate.swift */; };
		36BD6AA3208A6F4900D6C351 /* Assets.xcassets in Resources */ = {isa = PBXBuildFile; fileRef = 36BD6AA2208A6F4900D6C351 /* Assets.xcassets */; };
		62449081208C95A100CA0BBB /* LaunchScreen.xib in Resources */ = {isa = PBXBuildFile; fileRef = 62449080208C95A100CA0BBB /* LaunchScreen.xib */; };
		62449084208C96AE00CA0BBB /* ButtonTableViewCell.swift in Sources */ = {isa = PBXBuildFile; fileRef = 62449082208C96AE00CA0BBB /* ButtonTableViewCell.swift */; };
		62449085208C96AE00CA0BBB /* ButtonTableViewCell.xib in Resources */ = {isa = PBXBuildFile; fileRef = 62449083208C96AE00CA0BBB /* ButtonTableViewCell.xib */; };
		62449087208C975300CA0BBB /* SignInFormTableViewController.swift in Sources */ = {isa = PBXBuildFile; fileRef = 62449086208C975300CA0BBB /* SignInFormTableViewController.swift */; };
		62449089208C97B800CA0BBB /* SignInTableViewDataSource.swift in Sources */ = {isa = PBXBuildFile; fileRef = 62449088208C97B800CA0BBB /* SignInTableViewDataSource.swift */; };
		6244908B208C98E700CA0BBB /* UITableView.swift in Sources */ = {isa = PBXBuildFile; fileRef = 6244908A208C98E700CA0BBB /* UITableView.swift */; };
		6244908F208C99C700CA0BBB /* FormTableViewModel.swift in Sources */ = {isa = PBXBuildFile; fileRef = 6244908E208C99C700CA0BBB /* FormTableViewModel.swift */; };
		62449092208C99F700CA0BBB /* TableViewCellType.swift in Sources */ = {isa = PBXBuildFile; fileRef = 62449091208C99F700CA0BBB /* TableViewCellType.swift */; };
		62449094208C9AD300CA0BBB /* FormTableViewCell.swift in Sources */ = {isa = PBXBuildFile; fileRef = 62449093208C9AD300CA0BBB /* FormTableViewCell.swift */; };
		626A671020915AF800A921CE /* GoogleService-Info.plist in Resources */ = {isa = PBXBuildFile; fileRef = 626A670F20915AF800A921CE /* GoogleService-Info.plist */; };
		62A21543208D62DB00794E41 /* HomeViewController.swift in Sources */ = {isa = PBXBuildFile; fileRef = 62A21541208D62DB00794E41 /* HomeViewController.swift */; };
		62A21544208D62DB00794E41 /* HomeView.xib in Resources */ = {isa = PBXBuildFile; fileRef = 62A21542208D62DB00794E41 /* HomeView.xib */; };
		62F29753208D315000990B94 /* SignInViewController.swift in Sources */ = {isa = PBXBuildFile; fileRef = 62F29751208D315000990B94 /* SignInViewController.swift */; };
		62F29754208D315000990B94 /* SignInView.xib in Resources */ = {isa = PBXBuildFile; fileRef = 62F29752208D315000990B94 /* SignInView.xib */; };
		62F29756208D327500990B94 /* UIViewController.swift in Sources */ = {isa = PBXBuildFile; fileRef = 62F29755208D327500990B94 /* UIViewController.swift */; };
		62F29758208D34D600990B94 /* FormTableViewCellReuseIdentifier.swift in Sources */ = {isa = PBXBuildFile; fileRef = 62F29757208D34D600990B94 /* FormTableViewCellReuseIdentifier.swift */; };
		831934E77ABD7D39A1E2389C /* Pods_App_FireBoss.framework in Frameworks */ = {isa = PBXBuildFile; fileRef = 72C76601FBF296AEDBF7A05D /* Pods_App_FireBoss.framework */; };
/* End PBXBuildFile section */

/* Begin PBXFileReference section */
		2F99BE433ABC4EB126046DFE /* Pods-App-FireBoss.debug.xcconfig */ = {isa = PBXFileReference; includeInIndex = 1; lastKnownFileType = text.xcconfig; name = "Pods-App-FireBoss.debug.xcconfig"; path = "Pods/Target Support Files/Pods-App-FireBoss/Pods-App-FireBoss.debug.xcconfig"; sourceTree = "<group>"; };
		363B2575208A7C9100049A01 /* TextFieldTableViewCell.swift */ = {isa = PBXFileReference; lastKnownFileType = sourcecode.swift; path = TextFieldTableViewCell.swift; sourceTree = "<group>"; };
		363B2576208A7C9100049A01 /* TextFieldTableViewCell.xib */ = {isa = PBXFileReference; lastKnownFileType = file.xib; path = TextFieldTableViewCell.xib; sourceTree = "<group>"; };
		36BD6A98208A6F4800D6C351 /* FireBoss.app */ = {isa = PBXFileReference; explicitFileType = wrapper.application; includeInIndex = 0; path = FireBoss.app; sourceTree = BUILT_PRODUCTS_DIR; };
		36BD6A9B208A6F4800D6C351 /* AppDelegate.swift */ = {isa = PBXFileReference; lastKnownFileType = sourcecode.swift; path = AppDelegate.swift; sourceTree = "<group>"; };
		36BD6AA2208A6F4900D6C351 /* Assets.xcassets */ = {isa = PBXFileReference; lastKnownFileType = folder.assetcatalog; path = Assets.xcassets; sourceTree = "<group>"; };
		36BD6AA7208A6F4900D6C351 /* Info.plist */ = {isa = PBXFileReference; lastKnownFileType = text.plist.xml; path = Info.plist; sourceTree = "<group>"; };
		62449080208C95A100CA0BBB /* LaunchScreen.xib */ = {isa = PBXFileReference; lastKnownFileType = file.xib; path = LaunchScreen.xib; sourceTree = "<group>"; };
		62449082208C96AE00CA0BBB /* ButtonTableViewCell.swift */ = {isa = PBXFileReference; lastKnownFileType = sourcecode.swift; path = ButtonTableViewCell.swift; sourceTree = "<group>"; };
		62449083208C96AE00CA0BBB /* ButtonTableViewCell.xib */ = {isa = PBXFileReference; lastKnownFileType = file.xib; path = ButtonTableViewCell.xib; sourceTree = "<group>"; };
		62449086208C975300CA0BBB /* SignInFormTableViewController.swift */ = {isa = PBXFileReference; lastKnownFileType = sourcecode.swift; path = SignInFormTableViewController.swift; sourceTree = "<group>"; };
		62449088208C97B800CA0BBB /* SignInTableViewDataSource.swift */ = {isa = PBXFileReference; lastKnownFileType = sourcecode.swift; path = SignInTableViewDataSource.swift; sourceTree = "<group>"; };
		6244908A208C98E700CA0BBB /* UITableView.swift */ = {isa = PBXFileReference; lastKnownFileType = sourcecode.swift; path = UITableView.swift; sourceTree = "<group>"; };
		6244908E208C99C700CA0BBB /* FormTableViewModel.swift */ = {isa = PBXFileReference; lastKnownFileType = sourcecode.swift; path = FormTableViewModel.swift; sourceTree = "<group>"; };
		62449091208C99F700CA0BBB /* TableViewCellType.swift */ = {isa = PBXFileReference; lastKnownFileType = sourcecode.swift; path = TableViewCellType.swift; sourceTree = "<group>"; };
		62449093208C9AD300CA0BBB /* FormTableViewCell.swift */ = {isa = PBXFileReference; lastKnownFileType = sourcecode.swift; path = FormTableViewCell.swift; sourceTree = "<group>"; };
		626A670F20915AF800A921CE /* GoogleService-Info.plist */ = {isa = PBXFileReference; fileEncoding = 4; lastKnownFileType = text.plist.xml; path = "GoogleService-Info.plist"; sourceTree = "<group>"; };
		62A21541208D62DB00794E41 /* HomeViewController.swift */ = {isa = PBXFileReference; lastKnownFileType = sourcecode.swift; path = HomeViewController.swift; sourceTree = "<group>"; };
		62A21542208D62DB00794E41 /* HomeView.xib */ = {isa = PBXFileReference; lastKnownFileType = file.xib; path = HomeView.xib; sourceTree = "<group>"; };
		62F29751208D315000990B94 /* SignInViewController.swift */ = {isa = PBXFileReference; lastKnownFileType = sourcecode.swift; path = SignInViewController.swift; sourceTree = "<group>"; };
		62F29752208D315000990B94 /* SignInView.xib */ = {isa = PBXFileReference; lastKnownFileType = file.xib; path = SignInView.xib; sourceTree = "<group>"; };
		62F29755208D327500990B94 /* UIViewController.swift */ = {isa = PBXFileReference; lastKnownFileType = sourcecode.swift; path = UIViewController.swift; sourceTree = "<group>"; };
		62F29757208D34D600990B94 /* FormTableViewCellReuseIdentifier.swift */ = {isa = PBXFileReference; lastKnownFileType = sourcecode.swift; path = FormTableViewCellReuseIdentifier.swift; sourceTree = "<group>"; };
		6ACD14F58958485B0A06A223 /* Pods-App-FireBoss.release.xcconfig */ = {isa = PBXFileReference; includeInIndex = 1; lastKnownFileType = text.xcconfig; name = "Pods-App-FireBoss.release.xcconfig"; path = "Pods/Target Support Files/Pods-App-FireBoss/Pods-App-FireBoss.release.xcconfig"; sourceTree = "<group>"; };
		72C76601FBF296AEDBF7A05D /* Pods_App_FireBoss.framework */ = {isa = PBXFileReference; explicitFileType = wrapper.framework; includeInIndex = 0; path = Pods_App_FireBoss.framework; sourceTree = BUILT_PRODUCTS_DIR; };
/* End PBXFileReference section */

/* Begin PBXFrameworksBuildPhase section */
		36BD6A95208A6F4800D6C351 /* Frameworks */ = {
			isa = PBXFrameworksBuildPhase;
			buildActionMask = 2147483647;
			files = (
				831934E77ABD7D39A1E2389C /* Pods_App_FireBoss.framework in Frameworks */,
			);
			runOnlyForDeploymentPostprocessing = 0;
		};
/* End PBXFrameworksBuildPhase section */

/* Begin PBXGroup section */
		36BD6A8F208A6F4700D6C351 = {
			isa = PBXGroup;
			children = (
				36BD6AAE208A6F6900D6C351 /* SupportFiles */,
				36BD6AAD208A6F5800D6C351 /* Resources */,
				36BD6A9A208A6F4800D6C351 /* Sources */,
				36BD6A99208A6F4800D6C351 /* Products */,
				9D1CA60D6CABB201CE3C9217 /* Pods */,
				8C0F74DB9356A34CEE5D0991 /* Frameworks */,
			);
			sourceTree = "<group>";
		};
		36BD6A99208A6F4800D6C351 /* Products */ = {
			isa = PBXGroup;
			children = (
				36BD6A98208A6F4800D6C351 /* FireBoss.app */,
			);
			name = Products;
			sourceTree = "<group>";
		};
		36BD6A9A208A6F4800D6C351 /* Sources */ = {
			isa = PBXGroup;
			children = (
				62449090208C99DE00CA0BBB /* TableViewCells */,
				6244908D208C99A800CA0BBB /* SignIn */,
				6244908C208C995700CA0BBB /* Extensions */,
				36BD6A9B208A6F4800D6C351 /* AppDelegate.swift */,
				62A21541208D62DB00794E41 /* HomeViewController.swift */,
				62A21542208D62DB00794E41 /* HomeView.xib */,
			);
			path = Sources;
			sourceTree = "<group>";
		};
		36BD6AAD208A6F5800D6C351 /* Resources */ = {
			isa = PBXGroup;
			children = (
				36BD6AA2208A6F4900D6C351 /* Assets.xcassets */,
				62449080208C95A100CA0BBB /* LaunchScreen.xib */,
			);
			path = Resources;
			sourceTree = "<group>";
		};
		36BD6AAE208A6F6900D6C351 /* SupportFiles */ = {
			isa = PBXGroup;
			children = (
				626A670F20915AF800A921CE /* GoogleService-Info.plist */,
				36BD6AA7208A6F4900D6C351 /* Info.plist */,
			);
			path = SupportFiles;
			sourceTree = "<group>";
		};
		6244908C208C995700CA0BBB /* Extensions */ = {
			isa = PBXGroup;
			children = (
				6244908A208C98E700CA0BBB /* UITableView.swift */,
				62F29755208D327500990B94 /* UIViewController.swift */,
			);
			path = Extensions;
			sourceTree = "<group>";
		};
		6244908D208C99A800CA0BBB /* SignIn */ = {
			isa = PBXGroup;
			children = (
				62449086208C975300CA0BBB /* SignInFormTableViewController.swift */,
				62449088208C97B800CA0BBB /* SignInTableViewDataSource.swift */,
				62F29751208D315000990B94 /* SignInViewController.swift */,
				62F29752208D315000990B94 /* SignInView.xib */,
			);
			path = SignIn;
			sourceTree = "<group>";
		};
		62449090208C99DE00CA0BBB /* TableViewCells */ = {
			isa = PBXGroup;
			children = (
				6244908E208C99C700CA0BBB /* FormTableViewModel.swift */,
				363B2575208A7C9100049A01 /* TextFieldTableViewCell.swift */,
				363B2576208A7C9100049A01 /* TextFieldTableViewCell.xib */,
				62449082208C96AE00CA0BBB /* ButtonTableViewCell.swift */,
				62449083208C96AE00CA0BBB /* ButtonTableViewCell.xib */,
				62449091208C99F700CA0BBB /* TableViewCellType.swift */,
				62449093208C9AD300CA0BBB /* FormTableViewCell.swift */,
				62F29757208D34D600990B94 /* FormTableViewCellReuseIdentifier.swift */,
			);
			path = TableViewCells;
			sourceTree = "<group>";
		};
		8C0F74DB9356A34CEE5D0991 /* Frameworks */ = {
			isa = PBXGroup;
			children = (
				72C76601FBF296AEDBF7A05D /* Pods_App_FireBoss.framework */,
			);
			name = Frameworks;
			sourceTree = "<group>";
		};
		9D1CA60D6CABB201CE3C9217 /* Pods */ = {
			isa = PBXGroup;
			children = (
				2F99BE433ABC4EB126046DFE /* Pods-App-FireBoss.debug.xcconfig */,
				6ACD14F58958485B0A06A223 /* Pods-App-FireBoss.release.xcconfig */,
			);
			name = Pods;
			sourceTree = "<group>";
		};
/* End PBXGroup section */

/* Begin PBXNativeTarget section */
		36BD6A97208A6F4800D6C351 /* FireBoss */ = {
			isa = PBXNativeTarget;
			buildConfigurationList = 36BD6AAA208A6F4900D6C351 /* Build configuration list for PBXNativeTarget "FireBoss" */;
			buildPhases = (
				88C263736BD2E139D45F547A /* [CP] Check Pods Manifest.lock */,
				36BD6A94208A6F4800D6C351 /* Sources */,
				36BD6A95208A6F4800D6C351 /* Frameworks */,
				36BD6A96208A6F4800D6C351 /* Resources */,
				230AD4188F1EF016CA7FC928 /* [CP] Embed Pods Frameworks */,
				0D360746EE5F9D01929F787F /* [CP] Copy Pods Resources */,
			);
			buildRules = (
			);
			dependencies = (
			);
			name = FireBoss;
			productName = FireBoss;
			productReference = 36BD6A98208A6F4800D6C351 /* FireBoss.app */;
			productType = "com.apple.product-type.application";
		};
/* End PBXNativeTarget section */

/* Begin PBXProject section */
		36BD6A90208A6F4800D6C351 /* Project object */ = {
			isa = PBXProject;
			attributes = {
				LastSwiftUpdateCheck = 0930;
				LastUpgradeCheck = 0930;
				ORGANIZATIONNAME = AlexisDigital;
				TargetAttributes = {
					36BD6A97208A6F4800D6C351 = {
						CreatedOnToolsVersion = 9.3;
					};
				};
			};
			buildConfigurationList = 36BD6A93208A6F4800D6C351 /* Build configuration list for PBXProject "FireBoss" */;
			compatibilityVersion = "Xcode 9.3";
			developmentRegion = en;
			hasScannedForEncodings = 0;
			knownRegions = (
				en,
				Base,
			);
			mainGroup = 36BD6A8F208A6F4700D6C351;
			productRefGroup = 36BD6A99208A6F4800D6C351 /* Products */;
			projectDirPath = "";
			projectRoot = "";
			targets = (
				36BD6A97208A6F4800D6C351 /* FireBoss */,
			);
		};
/* End PBXProject section */

/* Begin PBXResourcesBuildPhase section */
		36BD6A96208A6F4800D6C351 /* Resources */ = {
			isa = PBXResourcesBuildPhase;
			buildActionMask = 2147483647;
			files = (
				62F29754208D315000990B94 /* SignInView.xib in Resources */,
				62449081208C95A100CA0BBB /* LaunchScreen.xib in Resources */,
				62449085208C96AE00CA0BBB /* ButtonTableViewCell.xib in Resources */,
				363B2578208A7C9100049A01 /* TextFieldTableViewCell.xib in Resources */,
				36BD6AA3208A6F4900D6C351 /* Assets.xcassets in Resources */,
				62A21544208D62DB00794E41 /* HomeView.xib in Resources */,
				626A671020915AF800A921CE /* GoogleService-Info.plist in Resources */,
			);
			runOnlyForDeploymentPostprocessing = 0;
		};
/* End PBXResourcesBuildPhase section */

/* Begin PBXShellScriptBuildPhase section */
		0D360746EE5F9D01929F787F /* [CP] Copy Pods Resources */ = {
			isa = PBXShellScriptBuildPhase;
			buildActionMask = 2147483647;
			files = (
			);
			inputPaths = (
			);
			name = "[CP] Copy Pods Resources";
			outputPaths = (
			);
			runOnlyForDeploymentPostprocessing = 0;
			shellPath = /bin/sh;
			shellScript = "\"${SRCROOT}/Pods/Target Support Files/Pods-App-FireBoss/Pods-App-FireBoss-resources.sh\"\n";
			showEnvVarsInLog = 0;
		};
		230AD4188F1EF016CA7FC928 /* [CP] Embed Pods Frameworks */ = {
			isa = PBXShellScriptBuildPhase;
			buildActionMask = 2147483647;
			files = (
			);
			inputPaths = (
				"${SRCROOT}/Pods/Target Support Files/Pods-App-FireBoss/Pods-App-FireBoss-frameworks.sh",
				"${BUILT_PRODUCTS_DIR}/GTMSessionFetcher/GTMSessionFetcher.framework",
				"${BUILT_PRODUCTS_DIR}/GoogleToolboxForMac/GoogleToolboxForMac.framework",
				"${BUILT_PRODUCTS_DIR}/nanopb/nanopb.framework",
			);
			name = "[CP] Embed Pods Frameworks";
			outputPaths = (
				"${TARGET_BUILD_DIR}/${FRAMEWORKS_FOLDER_PATH}/GTMSessionFetcher.framework",
				"${TARGET_BUILD_DIR}/${FRAMEWORKS_FOLDER_PATH}/GoogleToolboxForMac.framework",
				"${TARGET_BUILD_DIR}/${FRAMEWORKS_FOLDER_PATH}/nanopb.framework",
			);
			runOnlyForDeploymentPostprocessing = 0;
			shellPath = /bin/sh;
			shellScript = "\"${SRCROOT}/Pods/Target Support Files/Pods-App-FireBoss/Pods-App-FireBoss-frameworks.sh\"\n";
			showEnvVarsInLog = 0;
		};
		88C263736BD2E139D45F547A /* [CP] Check Pods Manifest.lock */ = {
			isa = PBXShellScriptBuildPhase;
			buildActionMask = 2147483647;
			files = (
			);
			inputPaths = (
				"${PODS_PODFILE_DIR_PATH}/Podfile.lock",
				"${PODS_ROOT}/Manifest.lock",
			);
			name = "[CP] Check Pods Manifest.lock";
			outputPaths = (
				"$(DERIVED_FILE_DIR)/Pods-App-FireBoss-checkManifestLockResult.txt",
			);
			runOnlyForDeploymentPostprocessing = 0;
			shellPath = /bin/sh;
			shellScript = "diff \"${PODS_PODFILE_DIR_PATH}/Podfile.lock\" \"${PODS_ROOT}/Manifest.lock\" > /dev/null\nif [ $? != 0 ] ; then\n    # print error to STDERR\n    echo \"error: The sandbox is not in sync with the Podfile.lock. Run 'pod install' or update your CocoaPods installation.\" >&2\n    exit 1\nfi\n# This output is used by Xcode 'outputs' to avoid re-running this script phase.\necho \"SUCCESS\" > \"${SCRIPT_OUTPUT_FILE_0}\"\n";
			showEnvVarsInLog = 0;
		};
/* End PBXShellScriptBuildPhase section */

/* Begin PBXSourcesBuildPhase section */
		36BD6A94208A6F4800D6C351 /* Sources */ = {
			isa = PBXSourcesBuildPhase;
			buildActionMask = 2147483647;
			files = (
				62449092208C99F700CA0BBB /* TableViewCellType.swift in Sources */,
				36BD6A9C208A6F4800D6C351 /* AppDelegate.swift in Sources */,
				62449084208C96AE00CA0BBB /* ButtonTableViewCell.swift in Sources */,
				62F29756208D327500990B94 /* UIViewController.swift in Sources */,
				62449094208C9AD300CA0BBB /* FormTableViewCell.swift in Sources */,
				62449089208C97B800CA0BBB /* SignInTableViewDataSource.swift in Sources */,
				6244908B208C98E700CA0BBB /* UITableView.swift in Sources */,
				62F29758208D34D600990B94 /* FormTableViewCellReuseIdentifier.swift in Sources */,
				363B2577208A7C9100049A01 /* TextFieldTableViewCell.swift in Sources */,
				62449087208C975300CA0BBB /* SignInFormTableViewController.swift in Sources */,
				62F29753208D315000990B94 /* SignInViewController.swift in Sources */,
				62A21543208D62DB00794E41 /* HomeViewController.swift in Sources */,
				6244908F208C99C700CA0BBB /* FormTableViewModel.swift in Sources */,
			);
			runOnlyForDeploymentPostprocessing = 0;
		};
/* End PBXSourcesBuildPhase section */

/* Begin XCBuildConfiguration section */
		36BD6AA8208A6F4900D6C351 /* Debug */ = {
			isa = XCBuildConfiguration;
			buildSettings = {
				ALWAYS_SEARCH_USER_PATHS = NO;
				CLANG_ANALYZER_NONNULL = YES;
				CLANG_ANALYZER_NUMBER_OBJECT_CONVERSION = YES_AGGRESSIVE;
				CLANG_CXX_LANGUAGE_STANDARD = "gnu++14";
				CLANG_CXX_LIBRARY = "libc++";
				CLANG_ENABLE_MODULES = YES;
				CLANG_ENABLE_OBJC_ARC = YES;
				CLANG_ENABLE_OBJC_WEAK = YES;
				CLANG_WARN_BLOCK_CAPTURE_AUTORELEASING = YES;
				CLANG_WARN_BOOL_CONVERSION = YES;
				CLANG_WARN_COMMA = YES;
				CLANG_WARN_CONSTANT_CONVERSION = YES;
				CLANG_WARN_DEPRECATED_OBJC_IMPLEMENTATIONS = YES;
				CLANG_WARN_DIRECT_OBJC_ISA_USAGE = YES_ERROR;
				CLANG_WARN_DOCUMENTATION_COMMENTS = YES;
				CLANG_WARN_EMPTY_BODY = YES;
				CLANG_WARN_ENUM_CONVERSION = YES;
				CLANG_WARN_INFINITE_RECURSION = YES;
				CLANG_WARN_INT_CONVERSION = YES;
				CLANG_WARN_NON_LITERAL_NULL_CONVERSION = YES;
				CLANG_WARN_OBJC_IMPLICIT_RETAIN_SELF = YES;
				CLANG_WARN_OBJC_LITERAL_CONVERSION = YES;
				CLANG_WARN_OBJC_ROOT_CLASS = YES_ERROR;
				CLANG_WARN_RANGE_LOOP_ANALYSIS = YES;
				CLANG_WARN_STRICT_PROTOTYPES = YES;
				CLANG_WARN_SUSPICIOUS_MOVE = YES;
				CLANG_WARN_UNGUARDED_AVAILABILITY = YES_AGGRESSIVE;
				CLANG_WARN_UNREACHABLE_CODE = YES;
				CLANG_WARN__DUPLICATE_METHOD_MATCH = YES;
				CODE_SIGN_IDENTITY = "iPhone Developer";
				COPY_PHASE_STRIP = NO;
				DEBUG_INFORMATION_FORMAT = dwarf;
				ENABLE_STRICT_OBJC_MSGSEND = YES;
				ENABLE_TESTABILITY = YES;
				GCC_C_LANGUAGE_STANDARD = gnu11;
				GCC_DYNAMIC_NO_PIC = NO;
				GCC_NO_COMMON_BLOCKS = YES;
				GCC_OPTIMIZATION_LEVEL = 0;
				GCC_PREPROCESSOR_DEFINITIONS = (
					"DEBUG=1",
					"$(inherited)",
				);
				GCC_WARN_64_TO_32_BIT_CONVERSION = YES;
				GCC_WARN_ABOUT_RETURN_TYPE = YES_ERROR;
				GCC_WARN_UNDECLARED_SELECTOR = YES;
				GCC_WARN_UNINITIALIZED_AUTOS = YES_AGGRESSIVE;
				GCC_WARN_UNUSED_FUNCTION = YES;
				GCC_WARN_UNUSED_VARIABLE = YES;
				IPHONEOS_DEPLOYMENT_TARGET = 11.3;
				MTL_ENABLE_DEBUG_INFO = YES;
				ONLY_ACTIVE_ARCH = YES;
				SDKROOT = iphoneos;
				SWIFT_ACTIVE_COMPILATION_CONDITIONS = DEBUG;
				SWIFT_OPTIMIZATION_LEVEL = "-Onone";
				SWIFT_VERSION = 4.0;
			};
			name = Debug;
		};
		36BD6AA9208A6F4900D6C351 /* Release */ = {
			isa = XCBuildConfiguration;
			buildSettings = {
				ALWAYS_SEARCH_USER_PATHS = NO;
				CLANG_ANALYZER_NONNULL = YES;
				CLANG_ANALYZER_NUMBER_OBJECT_CONVERSION = YES_AGGRESSIVE;
				CLANG_CXX_LANGUAGE_STANDARD = "gnu++14";
				CLANG_CXX_LIBRARY = "libc++";
				CLANG_ENABLE_MODULES = YES;
				CLANG_ENABLE_OBJC_ARC = YES;
				CLANG_ENABLE_OBJC_WEAK = YES;
				CLANG_WARN_BLOCK_CAPTURE_AUTORELEASING = YES;
				CLANG_WARN_BOOL_CONVERSION = YES;
				CLANG_WARN_COMMA = YES;
				CLANG_WARN_CONSTANT_CONVERSION = YES;
				CLANG_WARN_DEPRECATED_OBJC_IMPLEMENTATIONS = YES;
				CLANG_WARN_DIRECT_OBJC_ISA_USAGE = YES_ERROR;
				CLANG_WARN_DOCUMENTATION_COMMENTS = YES;
				CLANG_WARN_EMPTY_BODY = YES;
				CLANG_WARN_ENUM_CONVERSION = YES;
				CLANG_WARN_INFINITE_RECURSION = YES;
				CLANG_WARN_INT_CONVERSION = YES;
				CLANG_WARN_NON_LITERAL_NULL_CONVERSION = YES;
				CLANG_WARN_OBJC_IMPLICIT_RETAIN_SELF = YES;
				CLANG_WARN_OBJC_LITERAL_CONVERSION = YES;
				CLANG_WARN_OBJC_ROOT_CLASS = YES_ERROR;
				CLANG_WARN_RANGE_LOOP_ANALYSIS = YES;
				CLANG_WARN_STRICT_PROTOTYPES = YES;
				CLANG_WARN_SUSPICIOUS_MOVE = YES;
				CLANG_WARN_UNGUARDED_AVAILABILITY = YES_AGGRESSIVE;
				CLANG_WARN_UNREACHABLE_CODE = YES;
				CLANG_WARN__DUPLICATE_METHOD_MATCH = YES;
				CODE_SIGN_IDENTITY = "iPhone Developer";
				COPY_PHASE_STRIP = NO;
				DEBUG_INFORMATION_FORMAT = "dwarf-with-dsym";
				ENABLE_NS_ASSERTIONS = NO;
				ENABLE_STRICT_OBJC_MSGSEND = YES;
				GCC_C_LANGUAGE_STANDARD = gnu11;
				GCC_NO_COMMON_BLOCKS = YES;
				GCC_WARN_64_TO_32_BIT_CONVERSION = YES;
				GCC_WARN_ABOUT_RETURN_TYPE = YES_ERROR;
				GCC_WARN_UNDECLARED_SELECTOR = YES;
				GCC_WARN_UNINITIALIZED_AUTOS = YES_AGGRESSIVE;
				GCC_WARN_UNUSED_FUNCTION = YES;
				GCC_WARN_UNUSED_VARIABLE = YES;
				IPHONEOS_DEPLOYMENT_TARGET = 11.3;
				MTL_ENABLE_DEBUG_INFO = NO;
				SDKROOT = iphoneos;
				SWIFT_COMPILATION_MODE = wholemodule;
				SWIFT_OPTIMIZATION_LEVEL = "-O";
				SWIFT_VERSION = 4.0;
				VALIDATE_PRODUCT = YES;
			};
			name = Release;
		};
		36BD6AAB208A6F4900D6C351 /* Debug */ = {
			isa = XCBuildConfiguration;
			baseConfigurationReference = 2F99BE433ABC4EB126046DFE /* Pods-App-FireBoss.debug.xcconfig */;
			buildSettings = {
				ASSETCATALOG_COMPILER_APPICON_NAME = AppIcon;
				CODE_SIGN_STYLE = Automatic;
				INFOPLIST_FILE = "$(SRCROOT)/SupportFiles/Info.plist";
				IPHONEOS_DEPLOYMENT_TARGET = 10.0;
				LD_RUNPATH_SEARCH_PATHS = (
					"$(inherited)",
					"@executable_path/Frameworks",
				);
				PRODUCT_BUNDLE_IDENTIFIER = com.alexisdigital.FireBoss;
				PRODUCT_NAME = "$(TARGET_NAME)";
				SWIFT_VERSION = 4.0;
				TARGETED_DEVICE_FAMILY = "1,2";
			};
			name = Debug;
		};
		36BD6AAC208A6F4900D6C351 /* Release */ = {
			isa = XCBuildConfiguration;
			baseConfigurationReference = 6ACD14F58958485B0A06A223 /* Pods-App-FireBoss.release.xcconfig */;
			buildSettings = {
				ASSETCATALOG_COMPILER_APPICON_NAME = AppIcon;
				CODE_SIGN_STYLE = Automatic;
				INFOPLIST_FILE = "$(SRCROOT)/SupportFiles/Info.plist";
				IPHONEOS_DEPLOYMENT_TARGET = 10.0;
				LD_RUNPATH_SEARCH_PATHS = (
					"$(inherited)",
					"@executable_path/Frameworks",
				);
				PRODUCT_BUNDLE_IDENTIFIER = com.alexisdigital.FireBoss;
				PRODUCT_NAME = "$(TARGET_NAME)";
				SWIFT_VERSION = 4.0;
				TARGETED_DEVICE_FAMILY = "1,2";
			};
			name = Release;
		};
/* End XCBuildConfiguration section */

/* Begin XCConfigurationList section */
		36BD6A93208A6F4800D6C351 /* Build configuration list for PBXProject "FireBoss" */ = {
			isa = XCConfigurationList;
			buildConfigurations = (
				36BD6AA8208A6F4900D6C351 /* Debug */,
				36BD6AA9208A6F4900D6C351 /* Release */,
			);
			defaultConfigurationIsVisible = 0;
			defaultConfigurationName = Release;
		};
		36BD6AAA208A6F4900D6C351 /* Build configuration list for PBXNativeTarget "FireBoss" */ = {
			isa = XCConfigurationList;
			buildConfigurations = (
				36BD6AAB208A6F4900D6C351 /* Debug */,
				36BD6AAC208A6F4900D6C351 /* Release */,
			);
			defaultConfigurationIsVisible = 0;
			defaultConfigurationName = Release;
		};
/* End XCConfigurationList section */
	};
	rootObject = 36BD6A90208A6F4800D6C351 /* Project object */;
}
